
Microsoft Visual Studio Solution File, Format Version 12.00
# Visual Studio 14
VisualStudioVersion = 14.0.25420.1
MinimumVisualStudioVersion = 10.0.40219.1
Project("{FAE04EC0-301F-11D3-BF4B-00C04F79EFBC}") = "OnlineShoppingCartApp", "OnlineShoppingCartApp\OnlineShoppingCartApp.csproj", "{7255E8B9-21D0-489D-921C-27906BB5C480}"
EndProject
Project("{FAE04EC0-301F-11D3-BF4B-00C04F79EFBC}") = "ShoppingCartApp.Test", "ShoppingCartApp.Test\ShoppingCartApp.Test.csproj", "{E706F1B4-482A-434B-AFBA-39C2460EB0AD}"
EndProject
Global
	GlobalSection(SolutionConfigurationPlatforms) = preSolution
		Debug|Any CPU = Debug|Any CPU
		Release|Any CPU = Release|Any CPU
	EndGlobalSection
	GlobalSection(ProjectConfigurationPlatforms) = postSolution
		{7255E8B9-21D0-489D-921C-27906BB5C480}.Debug|Any CPU.ActiveCfg = Debug|Any CPU
		{7255E8B9-21D0-489D-921C-27906BB5C480}.Debug|Any CPU.Build.0 = Debug|Any CPU
		{7255E8B9-21D0-489D-921C-27906BB5C480}.Release|Any CPU.ActiveCfg = Release|Any CPU
		{7255E8B9-21D0-489D-921C-27906BB5C480}.Release|Any CPU.Build.0 = Release|Any CPU
		{E706F1B4-482A-434B-AFBA-39C2460EB0AD}.Debug|Any CPU.ActiveCfg = Debug|Any CPU
		{E706F1B4-482A-434B-AFBA-39C2460EB0AD}.Debug|Any CPU.Build.0 = Debug|Any CPU
		{E706F1B4-482A-434B-AFBA-39C2460EB0AD}.Release|Any CPU.ActiveCfg = Release|Any CPU
		{E706F1B4-482A-434B-AFBA-39C2460EB0AD}.Release|Any CPU.Build.0 = Release|Any CPU
	EndGlobalSection
	GlobalSection(SolutionProperties) = preSolution
		HideSolutionNode = FALSE
	EndGlobalSection
EndGlobal
